<Solution>
  <Folder Name="/Solution Items/">
    <File Path=".editorconfig" />
    <File Path="README.md" />
  </Folder>
  <Project Path="Edit Exclude Dict.csproj" Id="e0b5eff5-3cac-41bd-b511-8300fb84ca2b" />
  <Project Path="ExcludeDictInstaller/ExcludeDictInstaller.vdproj" Type="Installer">
    <Build />
  </Project>
</Solution>
